// !$*UTF8*$!
{
	archiveVersion = 1;
	classes = {
	};
	objectVersion = 46;
	objects = {

/* Begin PBXBuildFile section */
		810791391AB7DCE200DD8149 /* 253926.png in Resources */ = {isa = PBXBuildFile; fileRef = 810791381AB7DCE200DD8149 /* 253926.png */; };
		8107913F1AB7E26600DD8149 /* 4.jpg in Resources */ = {isa = PBXBuildFile; fileRef = 8107913E1AB7E26600DD8149 /* 4.jpg */; };
		815CDC201AE7BB15002B3B51 /* aka.png in Resources */ = {isa = PBXBuildFile; fileRef = 815CDC1F1AE7BB15002B3B51 /* aka.png */; };
		815CDC221AE7BB23002B3B51 /* ao.png in Resources */ = {isa = PBXBuildFile; fileRef = 815CDC211AE7BB23002B3B51 /* ao.png */; };
		815CDC261AE7BB46002B3B51 /* kuro.png in Resources */ = {isa = PBXBuildFile; fileRef = 815CDC251AE7BB46002B3B51 /* kuro.png */; };
		815CDC281AE7BB52002B3B51 /* midori.png in Resources */ = {isa = PBXBuildFile; fileRef = 815CDC271AE7BB52002B3B51 /* midori.png */; };
		815CDC2A1AE7BB6A002B3B51 /* murasaki.png in Resources */ = {isa = PBXBuildFile; fileRef = 815CDC291AE7BB6A002B3B51 /* murasaki.png */; };
		815CDC2D1AE7BB9A002B3B51 /* pink.png in Resources */ = {isa = PBXBuildFile; fileRef = 815CDC2C1AE7BB9A002B3B51 /* pink.png */; };
		815CDC2F1AE7BC1A002B3B51 /* orange.png in Resources */ = {isa = PBXBuildFile; fileRef = 815CDC2E1AE7BC1A002B3B51 /* orange.png */; };
		8199D10F1B1F191F008EF195 /* DMSideScrollView.m in Sources */ = {isa = PBXBuildFile; fileRef = 8199D10E1B1F191F008EF195 /* DMSideScrollView.m */; };
		8199D1111B1F1936008EF195 /* SpriteKit.framework in Frameworks */ = {isa = PBXBuildFile; fileRef = 8199D1101B1F1936008EF195 /* SpriteKit.framework */; };
		8199D1131B1F193D008EF195 /* CoreImage.framework in Frameworks */ = {isa = PBXBuildFile; fileRef = 8199D1121B1F193D008EF195 /* CoreImage.framework */; };
		8199D1151B1F1943008EF195 /* QuartzCore.framework in Frameworks */ = {isa = PBXBuildFile; fileRef = 8199D1141B1F1943008EF195 /* QuartzCore.framework */; };
		81EE0DEF1A9DD69200C85B62 /* main.m in Sources */ = {isa = PBXBuildFile; fileRef = 81EE0DEE1A9DD69200C85B62 /* main.m */; };
		81EE0DF21A9DD69200C85B62 /* AppDelegate.m in Sources */ = {isa = PBXBuildFile; fileRef = 81EE0DF11A9DD69200C85B62 /* AppDelegate.m */; };
		81EE0DF51A9DD69200C85B62 /* touch.xcdatamodeld in Sources */ = {isa = PBXBuildFile; fileRef = 81EE0DF31A9DD69200C85B62 /* touch.xcdatamodeld */; };
		81EE0DF81A9DD69200C85B62 /* ViewController.m in Sources */ = {isa = PBXBuildFile; fileRef = 81EE0DF71A9DD69200C85B62 /* ViewController.m */; };
		81EE0DFB1A9DD69200C85B62 /* Main.storyboard in Resources */ = {isa = PBXBuildFile; fileRef = 81EE0DF91A9DD69200C85B62 /* Main.storyboard */; };
		81EE0DFD1A9DD69200C85B62 /* Images.xcassets in Resources */ = {isa = PBXBuildFile; fileRef = 81EE0DFC1A9DD69200C85B62 /* Images.xcassets */; };
		81EE0E001A9DD69200C85B62 /* LaunchScreen.xib in Resources */ = {isa = PBXBuildFile; fileRef = 81EE0DFE1A9DD69200C85B62 /* LaunchScreen.xib */; };
		81EE0E0C1A9DD69200C85B62 /* touchTests.m in Sources */ = {isa = PBXBuildFile; fileRef = 81EE0E0B1A9DD69200C85B62 /* touchTests.m */; };
		81EE0E201AA71B3500C85B62 /* falucon.png in Resources */ = {isa = PBXBuildFile; fileRef = 81EE0E1F1AA71B3500C85B62 /* falucon.png */; };
		81EE0E241AA71B5000C85B62 /* hazime.png in Resources */ = {isa = PBXBuildFile; fileRef = 81EE0E211AA71B5000C85B62 /* hazime.png */; };
		81EE0E251AA71B5000C85B62 /* massu.png in Resources */ = {isa = PBXBuildFile; fileRef = 81EE0E221AA71B5000C85B62 /* massu.png */; };
		81EE0E261AA71B5000C85B62 /* onnji.png in Resources */ = {isa = PBXBuildFile; fileRef = 81EE0E231AA71B5000C85B62 /* onnji.png */; };
		81EE0E2A1AA7200400C85B62 /* IMG_3367.png in Resources */ = {isa = PBXBuildFile; fileRef = 81EE0E291AA7200400C85B62 /* IMG_3367.png */; };
		81EE0E2E1AA7250E00C85B62 /* falcon2.png in Resources */ = {isa = PBXBuildFile; fileRef = 81EE0E2B1AA7250E00C85B62 /* falcon2.png */; };
		81EE0E2F1AA7250E00C85B62 /* hazime2.png in Resources */ = {isa = PBXBuildFile; fileRef = 81EE0E2C1AA7250E00C85B62 /* hazime2.png */; };
		81EE0E301AA7250E00C85B62 /* massu2.png in Resources */ = {isa = PBXBuildFile; fileRef = 81EE0E2D1AA7250E00C85B62 /* massu2.png */; };
		81EE0E321AA7251E00C85B62 /* onji2.png in Resources */ = {isa = PBXBuildFile; fileRef = 81EE0E311AA7251E00C85B62 /* onji2.png */; };
/* End PBXBuildFile section */

/* Begin PBXContainerItemProxy section */
		81EE0E061A9DD69200C85B62 /* PBXContainerItemProxy */ = {
			isa = PBXContainerItemProxy;
			containerPortal = 81EE0DE11A9DD69100C85B62 /* Project object */;
			proxyType = 1;
			remoteGlobalIDString = 81EE0DE81A9DD69200C85B62;
			remoteInfo = touch;
		};
/* End PBXContainerItemProxy section */

/* Begin PBXFileReference section */
		810791381AB7DCE200DD8149 /* 253926.png */ = {isa = PBXFileReference; lastKnownFileType = image.png; path = 253926.png; sourceTree = "<group>"; };
		8107913E1AB7E26600DD8149 /* 4.jpg */ = {isa = PBXFileReference; lastKnownFileType = image.jpeg; path = 4.jpg; sourceTree = "<group>"; };
		815CDC1F1AE7BB15002B3B51 /* aka.png */ = {isa = PBXFileReference; lastKnownFileType = image.png; path = aka.png; sourceTree = "<group>"; };
		815CDC211AE7BB23002B3B51 /* ao.png */ = {isa = PBXFileReference; lastKnownFileType = image.png; path = ao.png; sourceTree = "<group>"; };
		815CDC251AE7BB46002B3B51 /* kuro.png */ = {isa = PBXFileReference; lastKnownFileType = image.png; path = kuro.png; sourceTree = "<group>"; };
		815CDC271AE7BB52002B3B51 /* midori.png */ = {isa = PBXFileReference; lastKnownFileType = image.png; path = midori.png; sourceTree = "<group>"; };
		815CDC291AE7BB6A002B3B51 /* murasaki.png */ = {isa = PBXFileReference; lastKnownFileType = image.png; path = murasaki.png; sourceTree = "<group>"; };
		815CDC2C1AE7BB9A002B3B51 /* pink.png */ = {isa = PBXFileReference; lastKnownFileType = image.png; path = pink.png; sourceTree = "<group>"; };
		815CDC2E1AE7BC1A002B3B51 /* orange.png */ = {isa = PBXFileReference; lastKnownFileType = image.png; path = orange.png; sourceTree = "<group>"; };
		8199D10D1B1F191F008EF195 /* DMSideScrollView.h */ = {isa = PBXFileReference; fileEncoding = 4; lastKnownFileType = sourcecode.c.h; path = DMSideScrollView.h; sourceTree = "<group>"; };
		8199D10E1B1F191F008EF195 /* DMSideScrollView.m */ = {isa = PBXFileReference; fileEncoding = 4; lastKnownFileType = sourcecode.c.objc; path = DMSideScrollView.m; sourceTree = "<group>"; };
		8199D1101B1F1936008EF195 /* SpriteKit.framework */ = {isa = PBXFileReference; lastKnownFileType = wrapper.framework; name = SpriteKit.framework; path = System/Library/Frameworks/SpriteKit.framework; sourceTree = SDKROOT; };
		8199D1121B1F193D008EF195 /* CoreImage.framework */ = {isa = PBXFileReference; lastKnownFileType = wrapper.framework; name = CoreImage.framework; path = System/Library/Frameworks/CoreImage.framework; sourceTree = SDKROOT; };
		8199D1141B1F1943008EF195 /* QuartzCore.framework */ = {isa = PBXFileReference; lastKnownFileType = wrapper.framework; name = QuartzCore.framework; path = System/Library/Frameworks/QuartzCore.framework; sourceTree = SDKROOT; };
		81EE0DE91A9DD69200C85B62 /* touch.app */ = {isa = PBXFileReference; explicitFileType = wrapper.application; includeInIndex = 0; path = touch.app; sourceTree = BUILT_PRODUCTS_DIR; };
		81EE0DED1A9DD69200C85B62 /* Info.plist */ = {isa = PBXFileReference; lastKnownFileType = text.plist.xml; path = Info.plist; sourceTree = "<group>"; };
		81EE0DEE1A9DD69200C85B62 /* main.m */ = {isa = PBXFileReference; lastKnownFileType = sourcecode.c.objc; path = main.m; sourceTree = "<group>"; };
		81EE0DF01A9DD69200C85B62 /* AppDelegate.h */ = {isa = PBXFileReference; lastKnownFileType = sourcecode.c.h; path = AppDelegate.h; sourceTree = "<group>"; };
		81EE0DF11A9DD69200C85B62 /* AppDelegate.m */ = {isa = PBXFileReference; lastKnownFileType = sourcecode.c.objc; path = AppDelegate.m; sourceTree = "<group>"; };
		81EE0DF41A9DD69200C85B62 /* touch.xcdatamodel */ = {isa = PBXFileReference; lastKnownFileType = wrapper.xcdatamodel; path = touch.xcdatamodel; sourceTree = "<group>"; };
		81EE0DF61A9DD69200C85B62 /* ViewController.h */ = {isa = PBXFileReference; lastKnownFileType = sourcecode.c.h; path = ViewController.h; sourceTree = "<group>"; };
		81EE0DF71A9DD69200C85B62 /* ViewController.m */ = {isa = PBXFileReference; lastKnownFileType = sourcecode.c.objc; path = ViewController.m; sourceTree = "<group>"; };
		81EE0DFA1A9DD69200C85B62 /* Base */ = {isa = PBXFileReference; lastKnownFileType = file.storyboard; name = Base; path = Base.lproj/Main.storyboard; sourceTree = "<group>"; };
		81EE0DFC1A9DD69200C85B62 /* Images.xcassets */ = {isa = PBXFileReference; lastKnownFileType = folder.assetcatalog; path = Images.xcassets; sourceTree = "<group>"; };
		81EE0DFF1A9DD69200C85B62 /* Base */ = {isa = PBXFileReference; lastKnownFileType = file.xib; name = Base; path = Base.lproj/LaunchScreen.xib; sourceTree = "<group>"; };
		81EE0E051A9DD69200C85B62 /* touchTests.xctest */ = {isa = PBXFileReference; explicitFileType = wrapper.cfbundle; includeInIndex = 0; path = touchTests.xctest; sourceTree = BUILT_PRODUCTS_DIR; };
		81EE0E0A1A9DD69200C85B62 /* Info.plist */ = {isa = PBXFileReference; lastKnownFileType = text.plist.xml; path = Info.plist; sourceTree = "<group>"; };
		81EE0E0B1A9DD69200C85B62 /* touchTests.m */ = {isa = PBXFileReference; lastKnownFileType = sourcecode.c.objc; path = touchTests.m; sourceTree = "<group>"; };
		81EE0E1F1AA71B3500C85B62 /* falucon.png */ = {isa = PBXFileReference; lastKnownFileType = image.png; path = falucon.png; sourceTree = "<group>"; };
		81EE0E211AA71B5000C85B62 /* hazime.png */ = {isa = PBXFileReference; lastKnownFileType = image.png; path = hazime.png; sourceTree = "<group>"; };
		81EE0E221AA71B5000C85B62 /* massu.png */ = {isa = PBXFileReference; lastKnownFileType = image.png; path = massu.png; sourceTree = "<group>"; };
		81EE0E231AA71B5000C85B62 /* onnji.png */ = {isa = PBXFileReference; lastKnownFileType = image.png; path = onnji.png; sourceTree = "<group>"; };
		81EE0E291AA7200400C85B62 /* IMG_3367.png */ = {isa = PBXFileReference; lastKnownFileType = image.png; path = IMG_3367.png; sourceTree = "<group>"; };
		81EE0E2B1AA7250E00C85B62 /* falcon2.png */ = {isa = PBXFileReference; lastKnownFileType = image.png; path = falcon2.png; sourceTree = "<group>"; };
		81EE0E2C1AA7250E00C85B62 /* hazime2.png */ = {isa = PBXFileReference; lastKnownFileType = image.png; path = hazime2.png; sourceTree = "<group>"; };
		81EE0E2D1AA7250E00C85B62 /* massu2.png */ = {isa = PBXFileReference; lastKnownFileType = image.png; path = massu2.png; sourceTree = "<group>"; };
		81EE0E311AA7251E00C85B62 /* onji2.png */ = {isa = PBXFileReference; lastKnownFileType = image.png; path = onji2.png; sourceTree = "<group>"; };
/* End PBXFileReference section */

/* Begin PBXFrameworksBuildPhase section */
		81EE0DE61A9DD69200C85B62 /* Frameworks */ = {
			isa = PBXFrameworksBuildPhase;
			buildActionMask = 2147483647;
			files = (
				8199D1151B1F1943008EF195 /* QuartzCore.framework in Frameworks */,
				8199D1131B1F193D008EF195 /* CoreImage.framework in Frameworks */,
				8199D1111B1F1936008EF195 /* SpriteKit.framework in Frameworks */,
			);
			runOnlyForDeploymentPostprocessing = 0;
		};
		81EE0E021A9DD69200C85B62 /* Frameworks */ = {
			isa = PBXFrameworksBuildPhase;
			buildActionMask = 2147483647;
			files = (
			);
			runOnlyForDeploymentPostprocessing = 0;
		};
/* End PBXFrameworksBuildPhase section */

/* Begin PBXGroup section */
		8199D1091B1F18F5008EF195 /* Images */ = {
			isa = PBXGroup;
			children = (
				810791381AB7DCE200DD8149 /* 253926.png */,
				815CDC211AE7BB23002B3B51 /* ao.png */,
				815CDC2E1AE7BC1A002B3B51 /* orange.png */,
				81EE0E291AA7200400C85B62 /* IMG_3367.png */,
				815CDC251AE7BB46002B3B51 /* kuro.png */,
				815CDC2C1AE7BB9A002B3B51 /* pink.png */,
				815CDC291AE7BB6A002B3B51 /* murasaki.png */,
				81EE0E211AA71B5000C85B62 /* hazime.png */,
				815CDC271AE7BB52002B3B51 /* midori.png */,
				81EE0E2C1AA7250E00C85B62 /* hazime2.png */,
				815CDC1F1AE7BB15002B3B51 /* aka.png */,
				81EE0E231AA71B5000C85B62 /* onnji.png */,
				81EE0E311AA7251E00C85B62 /* onji2.png */,
				81EE0E221AA71B5000C85B62 /* massu.png */,
				8107913E1AB7E26600DD8149 /* 4.jpg */,
				81EE0E2D1AA7250E00C85B62 /* massu2.png */,
				81EE0E1F1AA71B3500C85B62 /* falucon.png */,
				81EE0E2B1AA7250E00C85B62 /* falcon2.png */,
			);
			name = Images;
			sourceTree = "<group>";
		};
		81EE0DE01A9DD69100C85B62 = {
			isa = PBXGroup;
			children = (
				8199D1141B1F1943008EF195 /* QuartzCore.framework */,
				8199D1121B1F193D008EF195 /* CoreImage.framework */,
				8199D1101B1F1936008EF195 /* SpriteKit.framework */,
				81EE0DEB1A9DD69200C85B62 /* touch */,
				81EE0E081A9DD69200C85B62 /* touchTests */,
				81EE0DEA1A9DD69200C85B62 /* Products */,
			);
			sourceTree = "<group>";
		};
		81EE0DEA1A9DD69200C85B62 /* Products */ = {
			isa = PBXGroup;
			children = (
				81EE0DE91A9DD69200C85B62 /* touch.app */,
				81EE0E051A9DD69200C85B62 /* touchTests.xctest */,
			);
			name = Products;
			sourceTree = "<group>";
		};
		81EE0DEB1A9DD69200C85B62 /* touch */ = {
			isa = PBXGroup;
			children = (
				8199D1091B1F18F5008EF195 /* Images */,
				81EE0DF01A9DD69200C85B62 /* AppDelegate.h */,
				81EE0DF11A9DD69200C85B62 /* AppDelegate.m */,
				81EE0DF61A9DD69200C85B62 /* ViewController.h */,
				81EE0DF71A9DD69200C85B62 /* ViewController.m */,
				8199D10D1B1F191F008EF195 /* DMSideScrollView.h */,
				8199D10E1B1F191F008EF195 /* DMSideScrollView.m */,
				81EE0DF91A9DD69200C85B62 /* Main.storyboard */,
				81EE0DFC1A9DD69200C85B62 /* Images.xcassets */,
				81EE0DFE1A9DD69200C85B62 /* LaunchScreen.xib */,
				81EE0DF31A9DD69200C85B62 /* touch.xcdatamodeld */,
				81EE0DEC1A9DD69200C85B62 /* Supporting Files */,
			);
			path = touch;
			sourceTree = "<group>";
		};
		81EE0DEC1A9DD69200C85B62 /* Supporting Files */ = {
			isa = PBXGroup;
			children = (
				81EE0DED1A9DD69200C85B62 /* Info.plist */,
				81EE0DEE1A9DD69200C85B62 /* main.m */,
			);
			name = "Supporting Files";
			sourceTree = "<group>";
		};
		81EE0E081A9DD69200C85B62 /* touchTests */ = {
			isa = PBXGroup;
			children = (
				81EE0E0B1A9DD69200C85B62 /* touchTests.m */,
				81EE0E091A9DD69200C85B62 /* Supporting Files */,
			);
			path = touchTests;
			sourceTree = "<group>";
		};
		81EE0E091A9DD69200C85B62 /* Supporting Files */ = {
			isa = PBXGroup;
			children = (
				81EE0E0A1A9DD69200C85B62 /* Info.plist */,
			);
			name = "Supporting Files";
			sourceTree = "<group>";
		};
/* End PBXGroup section */

/* Begin PBXNativeTarget section */
		81EE0DE81A9DD69200C85B62 /* touch */ = {
			isa = PBXNativeTarget;
			buildConfigurationList = 81EE0E0F1A9DD69200C85B62 /* Build configuration list for PBXNativeTarget "touch" */;
			buildPhases = (
				81EE0DE51A9DD69200C85B62 /* Sources */,
				81EE0DE61A9DD69200C85B62 /* Frameworks */,
				81EE0DE71A9DD69200C85B62 /* Resources */,
			);
			buildRules = (
			);
			dependencies = (
			);
			name = touch;
			productName = touch;
			productReference = 81EE0DE91A9DD69200C85B62 /* touch.app */;
			productType = "com.apple.product-type.application";
		};
		81EE0E041A9DD69200C85B62 /* touchTests */ = {
			isa = PBXNativeTarget;
			buildConfigurationList = 81EE0E121A9DD69200C85B62 /* Build configuration list for PBXNativeTarget "touchTests" */;
			buildPhases = (
				81EE0E011A9DD69200C85B62 /* Sources */,
				81EE0E021A9DD69200C85B62 /* Frameworks */,
				81EE0E031A9DD69200C85B62 /* Resources */,
			);
			buildRules = (
			);
			dependencies = (
				81EE0E071A9DD69200C85B62 /* PBXTargetDependency */,
			);
			name = touchTests;
			productName = touchTests;
			productReference = 81EE0E051A9DD69200C85B62 /* touchTests.xctest */;
			productType = "com.apple.product-type.bundle.unit-test";
		};
/* End PBXNativeTarget section */

/* Begin PBXProject section */
		81EE0DE11A9DD69100C85B62 /* Project object */ = {
			isa = PBXProject;
			attributes = {
				LastUpgradeCheck = 0610;
				ORGANIZATIONNAME = "西林咲音";
				TargetAttributes = {
					81EE0DE81A9DD69200C85B62 = {
						CreatedOnToolsVersion = 6.1.1;
					};
					81EE0E041A9DD69200C85B62 = {
						CreatedOnToolsVersion = 6.1.1;
						TestTargetID = 81EE0DE81A9DD69200C85B62;
					};
				};
			};
			buildConfigurationList = 81EE0DE41A9DD69100C85B62 /* Build configuration list for PBXProject "touch" */;
			compatibilityVersion = "Xcode 3.2";
			developmentRegion = English;
			hasScannedForEncodings = 0;
			knownRegions = (
				en,
				Base,
			);
			mainGroup = 81EE0DE01A9DD69100C85B62;
			productRefGroup = 81EE0DEA1A9DD69200C85B62 /* Products */;
			projectDirPath = "";
			projectRoot = "";
			targets = (
				81EE0DE81A9DD69200C85B62 /* touch */,
				81EE0E041A9DD69200C85B62 /* touchTests */,
			);
		};
/* End PBXProject section */

/* Begin PBXResourcesBuildPhase section */
		81EE0DE71A9DD69200C85B62 /* Resources */ = {
			isa = PBXResourcesBuildPhase;
			buildActionMask = 2147483647;
			files = (
				81EE0E2A1AA7200400C85B62 /* IMG_3367.png in Resources */,
				815CDC2D1AE7BB9A002B3B51 /* pink.png in Resources */,
				81EE0E2F1AA7250E00C85B62 /* hazime2.png in Resources */,
				815CDC261AE7BB46002B3B51 /* kuro.png in Resources */,
				81EE0E241AA71B5000C85B62 /* hazime.png in Resources */,
				81EE0E251AA71B5000C85B62 /* massu.png in Resources */,
				81EE0E301AA7250E00C85B62 /* massu2.png in Resources */,
				8107913F1AB7E26600DD8149 /* 4.jpg in Resources */,
				81EE0DFB1A9DD69200C85B62 /* Main.storyboard in Resources */,
				815CDC2A1AE7BB6A002B3B51 /* murasaki.png in Resources */,
				81EE0E001A9DD69200C85B62 /* LaunchScreen.xib in Resources */,
				810791391AB7DCE200DD8149 /* 253926.png in Resources */,
				815CDC221AE7BB23002B3B51 /* ao.png in Resources */,
				81EE0E201AA71B3500C85B62 /* falucon.png in Resources */,
				815CDC281AE7BB52002B3B51 /* midori.png in Resources */,
				81EE0E261AA71B5000C85B62 /* onnji.png in Resources */,
				81EE0E321AA7251E00C85B62 /* onji2.png in Resources */,
				815CDC201AE7BB15002B3B51 /* aka.png in Resources */,
				81EE0DFD1A9DD69200C85B62 /* Images.xcassets in Resources */,
				81EE0E2E1AA7250E00C85B62 /* falcon2.png in Resources */,
				815CDC2F1AE7BC1A002B3B51 /* orange.png in Resources */,
			);
			runOnlyForDeploymentPostprocessing = 0;
		};
		81EE0E031A9DD69200C85B62 /* Resources */ = {
			isa = PBXResourcesBuildPhase;
			buildActionMask = 2147483647;
			files = (
			);
			runOnlyForDeploymentPostprocessing = 0;
		};
/* End PBXResourcesBuildPhase section */

/* Begin PBXSourcesBuildPhase section */
		81EE0DE51A9DD69200C85B62 /* Sources */ = {
			isa = PBXSourcesBuildPhase;
			buildActionMask = 2147483647;
			files = (
				81EE0DF51A9DD69200C85B62 /* touch.xcdatamodeld in Sources */,
				81EE0DF21A9DD69200C85B62 /* AppDelegate.m in Sources */,
				81EE0DF81A9DD69200C85B62 /* ViewController.m in Sources */,
				81EE0DEF1A9DD69200C85B62 /* main.m in Sources */,
				8199D10F1B1F191F008EF195 /* DMSideScrollView.m in Sources */,
			);
			runOnlyForDeploymentPostprocessing = 0;
		};
		81EE0E011A9DD69200C85B62 /* Sources */ = {
			isa = PBXSourcesBuildPhase;
			buildActionMask = 2147483647;
			files = (
				81EE0E0C1A9DD69200C85B62 /* touchTests.m in Sources */,
			);
			runOnlyForDeploymentPostprocessing = 0;
		};
/* End PBXSourcesBuildPhase section */

/* Begin PBXTargetDependency section */
		81EE0E071A9DD69200C85B62 /* PBXTargetDependency */ = {
			isa = PBXTargetDependency;
			target = 81EE0DE81A9DD69200C85B62 /* touch */;
			targetProxy = 81EE0E061A9DD69200C85B62 /* PBXContainerItemProxy */;
		};
/* End PBXTargetDependency section */

/* Begin PBXVariantGroup section */
		81EE0DF91A9DD69200C85B62 /* Main.storyboard */ = {
			isa = PBXVariantGroup;
			children = (
				81EE0DFA1A9DD69200C85B62 /* Base */,
			);
			name = Main.storyboard;
			sourceTree = "<group>";
		};
		81EE0DFE1A9DD69200C85B62 /* LaunchScreen.xib */ = {
			isa = PBXVariantGroup;
			children = (
				81EE0DFF1A9DD69200C85B62 /* Base */,
			);
			name = LaunchScreen.xib;
			sourceTree = "<group>";
		};
/* End PBXVariantGroup section */

/* Begin XCBuildConfiguration section */
		81EE0E0D1A9DD69200C85B62 /* Debug */ = {
			isa = XCBuildConfiguration;
			buildSettings = {
				ALWAYS_SEARCH_USER_PATHS = NO;
				CLANG_CXX_LANGUAGE_STANDARD = "gnu++0x";
				CLANG_CXX_LIBRARY = "libc++";
				CLANG_ENABLE_MODULES = YES;
				CLANG_ENABLE_OBJC_ARC = YES;
				CLANG_WARN_BOOL_CONVERSION = YES;
				CLANG_WARN_CONSTANT_CONVERSION = YES;
				CLANG_WARN_DIRECT_OBJC_ISA_USAGE = YES_ERROR;
				CLANG_WARN_EMPTY_BODY = YES;
				CLANG_WARN_ENUM_CONVERSION = YES;
				CLANG_WARN_INT_CONVERSION = YES;
				CLANG_WARN_OBJC_ROOT_CLASS = YES_ERROR;
				CLANG_WARN_UNREACHABLE_CODE = YES;
				CLANG_WARN__DUPLICATE_METHOD_MATCH = YES;
				"CODE_SIGN_IDENTITY[sdk=iphoneos*]" = "iPhone Developer";
				COPY_PHASE_STRIP = NO;
				ENABLE_STRICT_OBJC_MSGSEND = YES;
				GCC_C_LANGUAGE_STANDARD = gnu99;
				GCC_DYNAMIC_NO_PIC = NO;
				GCC_OPTIMIZATION_LEVEL = 0;
				GCC_PREPROCESSOR_DEFINITIONS = (
					"DEBUG=1",
					"$(inherited)",
				);
				GCC_SYMBOLS_PRIVATE_EXTERN = NO;
				GCC_WARN_64_TO_32_BIT_CONVERSION = YES;
				GCC_WARN_ABOUT_RETURN_TYPE = YES_ERROR;
				GCC_WARN_UNDECLARED_SELECTOR = YES;
				GCC_WARN_UNINITIALIZED_AUTOS = YES_AGGRESSIVE;
				GCC_WARN_UNUSED_FUNCTION = YES;
				GCC_WARN_UNUSED_VARIABLE = YES;
				IPHONEOS_DEPLOYMENT_TARGET = 8.1;
				MTL_ENABLE_DEBUG_INFO = YES;
				ONLY_ACTIVE_ARCH = YES;
				SDKROOT = iphoneos;
			};
			name = Debug;
		};
		81EE0E0E1A9DD69200C85B62 /* Release */ = {
			isa = XCBuildConfiguration;
			buildSettings = {
				ALWAYS_SEARCH_USER_PATHS = NO;
				CLANG_CXX_LANGUAGE_STANDARD = "gnu++0x";
				CLANG_CXX_LIBRARY = "libc++";
				CLANG_ENABLE_MODULES = YES;
				CLANG_ENABLE_OBJC_ARC = YES;
				CLANG_WARN_BOOL_CONVERSION = YES;
				CLANG_WARN_CONSTANT_CONVERSION = YES;
				CLANG_WARN_DIRECT_OBJC_ISA_USAGE = YES_ERROR;
				CLANG_WARN_EMPTY_BODY = YES;
				CLANG_WARN_ENUM_CONVERSION = YES;
				CLANG_WARN_INT_CONVERSION = YES;
				CLANG_WARN_OBJC_ROOT_CLASS = YES_ERROR;
				CLANG_WARN_UNREACHABLE_CODE = YES;
				CLANG_WARN__DUPLICATE_METHOD_MATCH = YES;
				"CODE_SIGN_IDENTITY[sdk=iphoneos*]" = "iPhone Developer";
				COPY_PHASE_STRIP = YES;
				ENABLE_NS_ASSERTIONS = NO;
				ENABLE_STRICT_OBJC_MSGSEND = YES;
				GCC_C_LANGUAGE_STANDARD = gnu99;
				GCC_WARN_64_TO_32_BIT_CONVERSION = YES;
				GCC_WARN_ABOUT_RETURN_TYPE = YES_ERROR;
				GCC_WARN_UNDECLARED_SELECTOR = YES;
				GCC_WARN_UNINITIALIZED_AUTOS = YES_AGGRESSIVE;
				GCC_WARN_UNUSED_FUNCTION = YES;
				GCC_WARN_UNUSED_VARIABLE = YES;
				IPHONEOS_DEPLOYMENT_TARGET = 8.1;
				MTL_ENABLE_DEBUG_INFO = NO;
				SDKROOT = iphoneos;
				VALIDATE_PRODUCT = YES;
			};
			name = Release;
		};
		81EE0E101A9DD69200C85B62 /* Debug */ = {
			isa = XCBuildConfiguration;
			buildSettings = {
				ASSETCATALOG_COMPILER_APPICON_NAME = AppIcon;
				INFOPLIST_FILE = touch/Info.plist;
				LD_RUNPATH_SEARCH_PATHS = "$(inherited) @executable_path/Frameworks";
				PRODUCT_NAME = "$(TARGET_NAME)";
			};
			name = Debug;
		};
		81EE0E111A9DD69200C85B62 /* Release */ = {
			isa = XCBuildConfiguration;
			buildSettings = {
				ASSETCATALOG_COMPILER_APPICON_NAME = AppIcon;
				INFOPLIST_FILE = touch/Info.plist;
				LD_RUNPATH_SEARCH_PATHS = "$(inherited) @executable_path/Frameworks";
				PRODUCT_NAME = "$(TARGET_NAME)";
			};
			name = Release;
		};
		81EE0E131A9DD69200C85B62 /* Debug */ = {
			isa = XCBuildConfiguration;
			buildSettings = {
				BUNDLE_LOADER = "$(TEST_HOST)";
				FRAMEWORK_SEARCH_PATHS = (
					"$(SDKROOT)/Developer/Library/Frameworks",
					"$(inherited)",
				);
				GCC_PREPROCESSOR_DEFINITIONS = (
					"DEBUG=1",
					"$(inherited)",
				);
				INFOPLIST_FILE = touchTests/Info.plist;
				LD_RUNPATH_SEARCH_PATHS = "$(inherited) @executable_path/Frameworks @loader_path/Frameworks";
				PRODUCT_NAME = "$(TARGET_NAME)";
				TEST_HOST = "$(BUILT_PRODUCTS_DIR)/touch.app/touch";
			};
			name = Debug;
		};
		81EE0E141A9DD69200C85B62 /* Release */ = {
			isa = XCBuildConfiguration;
			buildSettings = {
				BUNDLE_LOADER = "$(TEST_HOST)";
				FRAMEWORK_SEARCH_PATHS = (
					"$(SDKROOT)/Developer/Library/Frameworks",
					"$(inherited)",
				);
				INFOPLIST_FILE = touchTests/Info.plist;
				LD_RUNPATH_SEARCH_PATHS = "$(inherited) @executable_path/Frameworks @loader_path/Frameworks";
				PRODUCT_NAME = "$(TARGET_NAME)";
				TEST_HOST = "$(BUILT_PRODUCTS_DIR)/touch.app/touch";
			};
			name = Release;
		};
/* End XCBuildConfiguration section */

/* Begin XCConfigurationList section */
		81EE0DE41A9DD69100C85B62 /* Build configuration list for PBXProject "touch" */ = {
			isa = XCConfigurationList;
			buildConfigurations = (
				81EE0E0D1A9DD69200C85B62 /* Debug */,
				81EE0E0E1A9DD69200C85B62 /* Release */,
			);
			defaultConfigurationIsVisible = 0;
			defaultConfigurationName = Release;
		};
		81EE0E0F1A9DD69200C85B62 /* Build configuration list for PBXNativeTarget "touch" */ = {
			isa = XCConfigurationList;
			buildConfigurations = (
				81EE0E101A9DD69200C85B62 /* Debug */,
				81EE0E111A9DD69200C85B62 /* Release */,
			);
			defaultConfigurationIsVisible = 0;
			defaultConfigurationName = Release;
		};
		81EE0E121A9DD69200C85B62 /* Build configuration list for PBXNativeTarget "touchTests" */ = {
			isa = XCConfigurationList;
			buildConfigurations = (
				81EE0E131A9DD69200C85B62 /* Debug */,
				81EE0E141A9DD69200C85B62 /* Release */,
			);
			defaultConfigurationIsVisible = 0;
			defaultConfigurationName = Release;
		};
/* End XCConfigurationList section */

/* Begin XCVersionGroup section */
		81EE0DF31A9DD69200C85B62 /* touch.xcdatamodeld */ = {
			isa = XCVersionGroup;
			children = (
				81EE0DF41A9DD69200C85B62 /* touch.xcdatamodel */,
			);
			currentVersion = 81EE0DF41A9DD69200C85B62 /* touch.xcdatamodel */;
			path = touch.xcdatamodeld;
			sourceTree = "<group>";
			versionGroupType = wrapper.xcdatamodel;
		};
/* End XCVersionGroup section */
	};
	rootObject = 81EE0DE11A9DD69100C85B62 /* Project object */;
}
